
Microsoft Visual Studio Solution File, Format Version 12.00
# Visual Studio Version 17
VisualStudioVersion = 17.9.34607.119
MinimumVisualStudioVersion = 10.0.40219.1
Project("{2150E333-8FDC-42A3-9474-1A3956D46DE8}") = "Consumer", "Consumer", "{1F81A722-ABE4-4C36-8E8B-EC4BCF934BB9}"
EndProject
Project("{2150E333-8FDC-42A3-9474-1A3956D46DE8}") = "src", "src", "{F32514D2-512B-48D1-AF33-5392505CC8D6}"
EndProject
Project("{2150E333-8FDC-42A3-9474-1A3956D46DE8}") = "Application", "Application", "{64BEE4A5-C421-436B-BE48-9F8D66C8D956}"
EndProject
Project("{2150E333-8FDC-42A3-9474-1A3956D46DE8}") = "Domain", "Domain", "{59F7BE2E-4EBD-413B-BF6B-986F52298A23}"
EndProject
Project("{2150E333-8FDC-42A3-9474-1A3956D46DE8}") = "Infrastructure", "Infrastructure", "{E8C64F75-779D-40DC-ADCA-A73A60BC5350}"
	ProjectSection(SolutionItems) = preProject
		Domain\GoodItem.cs = Domain\GoodItem.cs
	EndProjectSection
EndProject
Project("{2150E333-8FDC-42A3-9474-1A3956D46DE8}") = "Worker", "Worker", "{4513333C-6C00-48B3-AA8F-DAEAF0F5C042}"
EndProject
Project("{9A19103F-16F7-4668-BE54-9A1E7A4F7556}") = "Consumer", "InventoryConsumer\Consumer.csproj", "{60C31A34-3467-4C16-9F04-26C15E0D79C2}"
EndProject
Project("{9A19103F-16F7-4668-BE54-9A1E7A4F7556}") = "Domain", "Domain\Domain.csproj", "{0C34811E-A09C-4289-8A7F-D97A744941E2}"
EndProject
Project("{9A19103F-16F7-4668-BE54-9A1E7A4F7556}") = "Application", "Application\Application.csproj", "{F8F5D57E-3444-45D2-8F00-D643465940A3}"
EndProject
Project("{9A19103F-16F7-4668-BE54-9A1E7A4F7556}") = "Infrastructure", "Infrastructure\Infrastructure.csproj", "{3FF19963-55C7-4680-AD34-D8AA762B7D6C}"
EndProject
Project("{9A19103F-16F7-4668-BE54-9A1E7A4F7556}") = "Producer", "InventoryProducer\Producer.csproj", "{4F70E937-ED2A-4CD6-989D-2423EC02F51E}"
EndProject
Project("{9A19103F-16F7-4668-BE54-9A1E7A4F7556}") = "ConsumerTesting", "ConsumerTesting\ConsumerTesting.csproj", "{ACBCD325-2987-41E8-A5ED-E0D40410F9B8}"
EndProject
Project("{2150E333-8FDC-42A3-9474-1A3956D46DE8}") = "Producer", "Producer", "{76B2AD26-F185-42B8-A386-6194ABE1E870}"
EndProject
Project("{2150E333-8FDC-42A3-9474-1A3956D46DE8}") = "src", "src", "{0430EBAA-6561-4A28-8C66-62083135CEBC}"
EndProject
Project("{2150E333-8FDC-42A3-9474-1A3956D46DE8}") = "Application", "Application", "{972AD47B-4AD5-400D-9F86-3A7A368CCD4A}"
EndProject
Project("{2150E333-8FDC-42A3-9474-1A3956D46DE8}") = "Domain", "Domain", "{5AEA15A3-6AEB-47D9-B13A-71DE39C3A819}"
EndProject
Project("{2150E333-8FDC-42A3-9474-1A3956D46DE8}") = "Infrastructure", "Infrastructure", "{BF1F079E-C69D-41D6-9825-2E1459B269CD}"
EndProject
Project("{2150E333-8FDC-42A3-9474-1A3956D46DE8}") = "Worker", "Worker", "{5B6BF2D9-AE4C-4C7B-99A2-05E356EB7004}"
EndProject
Project("{FAE04EC0-301F-11D3-BF4B-00C04F79EFBC}") = "ApplicationProducer", "ApplicationProducer\ApplicationProducer.csproj", "{C60E9CC2-C8BC-4071-BC44-AB63063C4020}"
EndProject
Project("{FAE04EC0-301F-11D3-BF4B-00C04F79EFBC}") = "DomainProducer", "DomainProducer\DomainProducer.csproj", "{6AF44DE9-A355-46E7-8DEA-E63529D98002}"
EndProject
Project("{FAE04EC0-301F-11D3-BF4B-00C04F79EFBC}") = "InfrastructureProducer", "InfrastructureProducer\InfrastructureProducer.csproj", "{A77742C3-20A0-4435-A42D-8F5B7CBF2B93}"
EndProject
Project("{FAE04EC0-301F-11D3-BF4B-00C04F79EFBC}") = "Producer", "Producer\Producer.csproj", "{2B3013CF-FA27-455D-AC74-1C34FEED39B6}"
EndProject
Project("{FAE04EC0-301F-11D3-BF4B-00C04F79EFBC}") = "TestConsumer", "TestConsumer\TestConsumer.csproj", "{4DD93EA2-EC94-4975-91AD-FEB82432DC0F}"
EndProject
Global
	GlobalSection(SolutionConfigurationPlatforms) = preSolution
		Debug|Any CPU = Debug|Any CPU
		Release|Any CPU = Release|Any CPU
	EndGlobalSection
	GlobalSection(ProjectConfigurationPlatforms) = postSolution
		{60C31A34-3467-4C16-9F04-26C15E0D79C2}.Debug|Any CPU.ActiveCfg = Debug|Any CPU
		{60C31A34-3467-4C16-9F04-26C15E0D79C2}.Debug|Any CPU.Build.0 = Debug|Any CPU
		{60C31A34-3467-4C16-9F04-26C15E0D79C2}.Release|Any CPU.ActiveCfg = Release|Any CPU
		{60C31A34-3467-4C16-9F04-26C15E0D79C2}.Release|Any CPU.Build.0 = Release|Any CPU
		{0C34811E-A09C-4289-8A7F-D97A744941E2}.Debug|Any CPU.ActiveCfg = Debug|Any CPU
		{0C34811E-A09C-4289-8A7F-D97A744941E2}.Debug|Any CPU.Build.0 = Debug|Any CPU
		{0C34811E-A09C-4289-8A7F-D97A744941E2}.Release|Any CPU.ActiveCfg = Release|Any CPU
		{0C34811E-A09C-4289-8A7F-D97A744941E2}.Release|Any CPU.Build.0 = Release|Any CPU
		{F8F5D57E-3444-45D2-8F00-D643465940A3}.Debug|Any CPU.ActiveCfg = Debug|Any CPU
		{F8F5D57E-3444-45D2-8F00-D643465940A3}.Debug|Any CPU.Build.0 = Debug|Any CPU
		{F8F5D57E-3444-45D2-8F00-D643465940A3}.Release|Any CPU.ActiveCfg = Release|Any CPU
		{F8F5D57E-3444-45D2-8F00-D643465940A3}.Release|Any CPU.Build.0 = Release|Any CPU
		{3FF19963-55C7-4680-AD34-D8AA762B7D6C}.Debug|Any CPU.ActiveCfg = Debug|Any CPU
		{3FF19963-55C7-4680-AD34-D8AA762B7D6C}.Debug|Any CPU.Build.0 = Debug|Any CPU
		{3FF19963-55C7-4680-AD34-D8AA762B7D6C}.Release|Any CPU.ActiveCfg = Release|Any CPU
		{3FF19963-55C7-4680-AD34-D8AA762B7D6C}.Release|Any CPU.Build.0 = Release|Any CPU
		{4F70E937-ED2A-4CD6-989D-2423EC02F51E}.Debug|Any CPU.ActiveCfg = Debug|Any CPU
		{4F70E937-ED2A-4CD6-989D-2423EC02F51E}.Debug|Any CPU.Build.0 = Debug|Any CPU
		{4F70E937-ED2A-4CD6-989D-2423EC02F51E}.Release|Any CPU.ActiveCfg = Release|Any CPU
		{4F70E937-ED2A-4CD6-989D-2423EC02F51E}.Release|Any CPU.Build.0 = Release|Any CPU
		{ACBCD325-2987-41E8-A5ED-E0D40410F9B8}.Debug|Any CPU.ActiveCfg = Debug|Any CPU
		{ACBCD325-2987-41E8-A5ED-E0D40410F9B8}.Debug|Any CPU.Build.0 = Debug|Any CPU
		{ACBCD325-2987-41E8-A5ED-E0D40410F9B8}.Release|Any CPU.ActiveCfg = Release|Any CPU
		{ACBCD325-2987-41E8-A5ED-E0D40410F9B8}.Release|Any CPU.Build.0 = Release|Any CPU
		{C60E9CC2-C8BC-4071-BC44-AB63063C4020}.Debug|Any CPU.ActiveCfg = Debug|Any CPU
		{C60E9CC2-C8BC-4071-BC44-AB63063C4020}.Debug|Any CPU.Build.0 = Debug|Any CPU
		{C60E9CC2-C8BC-4071-BC44-AB63063C4020}.Release|Any CPU.ActiveCfg = Release|Any CPU
		{C60E9CC2-C8BC-4071-BC44-AB63063C4020}.Release|Any CPU.Build.0 = Release|Any CPU
		{6AF44DE9-A355-46E7-8DEA-E63529D98002}.Debug|Any CPU.ActiveCfg = Debug|Any CPU
		{6AF44DE9-A355-46E7-8DEA-E63529D98002}.Debug|Any CPU.Build.0 = Debug|Any CPU
		{6AF44DE9-A355-46E7-8DEA-E63529D98002}.Release|Any CPU.ActiveCfg = Release|Any CPU
		{6AF44DE9-A355-46E7-8DEA-E63529D98002}.Release|Any CPU.Build.0 = Release|Any CPU
		{A77742C3-20A0-4435-A42D-8F5B7CBF2B93}.Debug|Any CPU.ActiveCfg = Debug|Any CPU
		{A77742C3-20A0-4435-A42D-8F5B7CBF2B93}.Debug|Any CPU.Build.0 = Debug|Any CPU
		{A77742C3-20A0-4435-A42D-8F5B7CBF2B93}.Release|Any CPU.ActiveCfg = Release|Any CPU
		{A77742C3-20A0-4435-A42D-8F5B7CBF2B93}.Release|Any CPU.Build.0 = Release|Any CPU
		{2B3013CF-FA27-455D-AC74-1C34FEED39B6}.Debug|Any CPU.ActiveCfg = Debug|Any CPU
		{2B3013CF-FA27-455D-AC74-1C34FEED39B6}.Debug|Any CPU.Build.0 = Debug|Any CPU
		{2B3013CF-FA27-455D-AC74-1C34FEED39B6}.Release|Any CPU.ActiveCfg = Release|Any CPU
		{2B3013CF-FA27-455D-AC74-1C34FEED39B6}.Release|Any CPU.Build.0 = Release|Any CPU
		{4DD93EA2-EC94-4975-91AD-FEB82432DC0F}.Debug|Any CPU.ActiveCfg = Debug|Any CPU
		{4DD93EA2-EC94-4975-91AD-FEB82432DC0F}.Debug|Any CPU.Build.0 = Debug|Any CPU
		{4DD93EA2-EC94-4975-91AD-FEB82432DC0F}.Release|Any CPU.ActiveCfg = Release|Any CPU
		{4DD93EA2-EC94-4975-91AD-FEB82432DC0F}.Release|Any CPU.Build.0 = Release|Any CPU
	EndGlobalSection
	GlobalSection(SolutionProperties) = preSolution
		HideSolutionNode = FALSE
	EndGlobalSection
	GlobalSection(NestedProjects) = preSolution
		{F32514D2-512B-48D1-AF33-5392505CC8D6} = {1F81A722-ABE4-4C36-8E8B-EC4BCF934BB9}
		{64BEE4A5-C421-436B-BE48-9F8D66C8D956} = {F32514D2-512B-48D1-AF33-5392505CC8D6}
		{59F7BE2E-4EBD-413B-BF6B-986F52298A23} = {F32514D2-512B-48D1-AF33-5392505CC8D6}
		{E8C64F75-779D-40DC-ADCA-A73A60BC5350} = {F32514D2-512B-48D1-AF33-5392505CC8D6}
		{4513333C-6C00-48B3-AA8F-DAEAF0F5C042} = {F32514D2-512B-48D1-AF33-5392505CC8D6}
		{60C31A34-3467-4C16-9F04-26C15E0D79C2} = {4513333C-6C00-48B3-AA8F-DAEAF0F5C042}
		{0C34811E-A09C-4289-8A7F-D97A744941E2} = {59F7BE2E-4EBD-413B-BF6B-986F52298A23}
		{F8F5D57E-3444-45D2-8F00-D643465940A3} = {64BEE4A5-C421-436B-BE48-9F8D66C8D956}
		{3FF19963-55C7-4680-AD34-D8AA762B7D6C} = {E8C64F75-779D-40DC-ADCA-A73A60BC5350}
		{4F70E937-ED2A-4CD6-989D-2423EC02F51E} = {4513333C-6C00-48B3-AA8F-DAEAF0F5C042}
		{ACBCD325-2987-41E8-A5ED-E0D40410F9B8} = {4513333C-6C00-48B3-AA8F-DAEAF0F5C042}
		{0430EBAA-6561-4A28-8C66-62083135CEBC} = {76B2AD26-F185-42B8-A386-6194ABE1E870}
		{972AD47B-4AD5-400D-9F86-3A7A368CCD4A} = {0430EBAA-6561-4A28-8C66-62083135CEBC}
		{5AEA15A3-6AEB-47D9-B13A-71DE39C3A819} = {0430EBAA-6561-4A28-8C66-62083135CEBC}
		{BF1F079E-C69D-41D6-9825-2E1459B269CD} = {0430EBAA-6561-4A28-8C66-62083135CEBC}
		{5B6BF2D9-AE4C-4C7B-99A2-05E356EB7004} = {0430EBAA-6561-4A28-8C66-62083135CEBC}
		{C60E9CC2-C8BC-4071-BC44-AB63063C4020} = {972AD47B-4AD5-400D-9F86-3A7A368CCD4A}
		{6AF44DE9-A355-46E7-8DEA-E63529D98002} = {5AEA15A3-6AEB-47D9-B13A-71DE39C3A819}
		{A77742C3-20A0-4435-A42D-8F5B7CBF2B93} = {BF1F079E-C69D-41D6-9825-2E1459B269CD}
		{2B3013CF-FA27-455D-AC74-1C34FEED39B6} = {5B6BF2D9-AE4C-4C7B-99A2-05E356EB7004}
		{4DD93EA2-EC94-4975-91AD-FEB82432DC0F} = {5B6BF2D9-AE4C-4C7B-99A2-05E356EB7004}
	EndGlobalSection
	GlobalSection(ExtensibilityGlobals) = postSolution
		SolutionGuid = {61D812DF-1CE0-4001-83DF-51A7DA457A72}
	EndGlobalSection
EndGlobal
